Microsoft Visual Studio Solution File, Format Version 12.00
# Visual Studio Version 17
VisualStudioVersion = 17.5.2.0
MinimumVisualStudioVersion = 10.0.40219.1
Project("{FAE04EC0-301F-11D3-BF4B-00C04F79EFBC}") = "CalculatorConsoleChallenge", "CalculatorConsoleChallenge\CalculatorConsoleChallenge.csproj", "{6C2D042A-02F2-E408-E127-E135794C313E}"
EndProject
Global
	GlobalSection(SolutionConfigurationPlatforms) = preSolution
		Debug|Any CPU = Debug|Any CPU
		Release|Any CPU = Release|Any CPU
	EndGlobalSection
	GlobalSection(ProjectConfigurationPlatforms) = postSolution
		{6C2D042A-02F2-E408-E127-E135794C313E}.Debug|Any CPU.ActiveCfg = Debug|Any CPU
		{6C2D042A-02F2-E408-E127-E135794C313E}.Debug|Any CPU.Build.0 = Debug|Any CPU
		{6C2D042A-02F2-E408-E127-E135794C313E}.Release|Any CPU.ActiveCfg = Release|Any CPU
		{6C2D042A-02F2-E408-E127-E135794C313E}.Release|Any CPU.Build.0 = Release|Any CPU
	EndGlobalSection
	GlobalSection(SolutionProperties) = preSolution
		HideSolutionNode = FALSE
	EndGlobalSection
	GlobalSection(ExtensibilityGlobals) = postSolution
		SolutionGuid = {99A85A30-CA61-49A2-9E58-EC687822952D}
	EndGlobalSection
EndGlobal
